github.com/graphism/simple v0.0.0-20181208150621-c42395dbfa50 h1:0dZv/2+dMWaPPFN6BMrBuq2Bh4jd5UmoED8iO543dYE=
github.com/graphism/simple v0.0.0-20181208150621-c42395dbfa50/go.mod h1:cox5q9v+f1rnFijpHx1qN0aS9dkJS4rFxCNHgcjBa8c=
github.com/mewkiz/pkg v0.0.0-20181119122551-9729f4f4ff2b h1:XHFBx9ZEVHnSCRiTz7w1a/NRBk9x7iyFiqnoN6R+vu8=
github.com/mewkiz/pkg v0.0.0-20181119122551-9729f4f4ff2b/go.mod h1:bhmdGJSMX5WCIBFmk27tBnUvBJm5WxXmarBV41qvbNI=
github.com/pkg/errors v0.8.0 h1:WdK/asTD0HN+q6hsWO3/vpuAkAr+tw6aNJNDFFf0+qw=
github.com/pkg/errors v0.8.0/go.mod h1:bwawxfHBFNV+L2hUp1rHADufV3IMtnDRdf1r5NINEl0=
github.com/rickypai/natsort v0.0.0-20180124032556-f194e6bd5b0c h1:wq5MmT1Whub72MXlR2I5jWTQ3Q5wkNXnVBY21Q3Qzis=
github.com/rickypai/natsort v0.0.0-20180124032556-f194e6bd5b0c/go.mod h1:ECfieXu+EwvGnmpzRZvaAN0U/Jese1LX/BqX3HF1Kl0=
golang.org/x/exp v0.0.0-20180321215751-8460e604b9de h1:xSjD6HQTqT0H/k60N5yYBtnN1OEkVy7WIo/DYyxKRO0=
golang.org/x/exp v0.0.0-20180321215751-8460e604b9de/go.mod h1:CJ0aWSM057203Lf6IL+f9T1iT9GByDxfZKAQTCR3kQA=
golang.org/x/exp v0.0.0-20181221233300-b68661188fbf h1:rK+9ETFkUX8OofKNLhik8qEGY/3gnM5x4eVNWJf1z/8=
golang.org/x/exp v0.0.0-20181221233300-b68661188fbf/go.mod h1:CJ0aWSM057203Lf6IL+f9T1iT9GByDxfZKAQTCR3kQA=
golang.org/x/tools v0.0.0-20180525024113-a5b4c53f6e8b/go.mod h1:n7NCudcB/nEzxVGmLbDWY5pfWTLqBcC2KZ6jyYvM4mQ=
gonum.org/v1/gonum v0.0.0-20181208091643-b71a28080e0f/go.mod h1:Y+Yx5eoAFn32cQvJDxZx5Dpnq+c3wtXuadVZAcxbbBo=
gonum.org/v1/gonum v0.0.0-20181222231938-ff0fdabd9093 h1:HND04kMdTLeLw5+KcgW5KiwdOUySF4O7g/6SiioblxI=
gonum.org/v1/gonum v0.0.0-20181222231938-ff0fdabd9093/go.mod h1:Y+Yx5eoAFn32cQvJDxZx5Dpnq+c3wtXuadVZAcxbbBo=
gonum.org/v1/netlib v0.0.0-20181029234149-ec6d1f5cefe6 h1:4WsZyVtkthqrHTbDCJfiTs8IWNYE4uvsSDgaV6xpp+o=
gonum.org/v1/netlib v0.0.0-20181029234149-ec6d1f5cefe6/go.mod h1:wa6Ws7BG/ESfp6dHfk7C6KdzKA7wR7u/rKwOGE66zvw=
