bitbucket.org/zombiezen/cardcpx v0.0.0-20150417151802-902f68ff43ef h1:Uc8hUoyAlYy8huPnrqJC++v34avlqflgbQate6HLIfw=
bitbucket.org/zombiezen/cardcpx v0.0.0-20150417151802-902f68ff43ef/go.mod h1:ZJR5FpaQx7Bt2bzIV3gBaCInI1+kG949WhNYYlRr8eA=
github.com/davecgh/go-spew v1.1.1/go.mod h1:J7Y8YcW2NihsgmVo/mv3lAwl/skON4iLHjSsI+c5H38=
github.com/graphism/exp v0.0.0-20181114155108-95804a9f182b h1:T8pjZO7ViVNonro1f+BKdzvAsLxdqSfxZEMD+rFFp+s=
github.com/graphism/exp v0.0.0-20181114155108-95804a9f182b/go.mod h1:prUgw3Bvq7Q+xTO86BDz/Wqi58cwb9c311LROiQN7oM=
github.com/graphism/simple v0.0.0-20181114131118-4c2595ff451f h1:k+Td1EFp3pArxJVcWKB8/FuQCQl+Zek1bgAjf0q9UDQ=
github.com/graphism/simple v0.0.0-20181114131118-4c2595ff451f/go.mod h1:bPEKOGr2+oC/PxMfqp780oDwWJ/4vO27ArkaABmclJ8=
github.com/inspirer/textmapper v0.0.0-20181104204410-4bdb1fb0392a/go.mod h1:SpoIwXu07A3gguovN379QUCTHpUk1lhX2KIjVxpQOas=
github.com/inspirer/textmapper v0.0.0-20181111212404-973a0cda8bfa h1:h4DKmR668ZzPWziVPrpyE7bAHAMCSPSC9Q4+rrsz6p8=
github.com/inspirer/textmapper v0.0.0-20181111212404-973a0cda8bfa/go.mod h1:SpoIwXu07A3gguovN379QUCTHpUk1lhX2KIjVxpQOas=
github.com/kr/pretty v0.1.0 h1:L/CwN0zerZDmRFUapSPitk6f+Q3+0za1rQkzVuMiMFI=
github.com/kr/pretty v0.1.0/go.mod h1:dAy3ld7l9f0ibDNOQOHHMYYIIbhfbHSm3C4ZsoJORNo=
github.com/kr/pty v1.1.1/go.mod h1:pFQYn66WHrOpPYNljwOMqo10TkYh1fy3cYio2l3bCsQ=
github.com/kr/pty v1.1.3/go.mod h1:pFQYn66WHrOpPYNljwOMqo10TkYh1fy3cYio2l3bCsQ=
github.com/kr/text v0.1.0 h1:45sCR5RtlFHMR4UwH9sdQ5TC8v0qDQCHnXt+kaKSTVE=
github.com/kr/text v0.1.0/go.mod h1:4Jbv+DJW3UT/LiOwJeYQe1efqtUx/iVham/4vfdArNI=
github.com/llir/ll v0.0.0-20181112013344-5eef2118d0e0/go.mod h1:a4JSuI2i1XkjU15LV11UxD243X6zJFuVeCHc63E/kGA=
github.com/llir/ll v0.0.0-20181113011500-98d5284f035c h1:sAr1ebtPqwOXjOMFYZ2TYqaWFLJAd4A3fBgmkBJcB4E=
github.com/llir/ll v0.0.0-20181113011500-98d5284f035c/go.mod h1:a4JSuI2i1XkjU15LV11UxD243X6zJFuVeCHc63E/kGA=
github.com/llir/ll v0.0.0-20181124143609-405448b26944 h1:0Ie0H7XbvWS+NCEelOaPU0QTpbUXjn+hVxzWQ2RRVQY=
github.com/llir/ll v0.0.0-20181124143609-405448b26944/go.mod h1:a4JSuI2i1XkjU15LV11UxD243X6zJFuVeCHc63E/kGA=
github.com/llir/llvm v0.3.0-pre1 h1:xC/snin1JpYMrPnNwfoGGuuyu5pc3kQlmYSCA8fXTM4=
github.com/llir/llvm v0.3.0-pre1/go.mod h1:rIRZQoU/ByzFwoA1usk4bFCkAprgzGwgGQ+Pw27n3ls=
github.com/llir/llvm v0.3.0-pre2 h1:qAhIeDb+x2wF9NF9G4h91oGtRyK0R/2p714nSCB0oeU=
github.com/llir/llvm v0.3.0-pre2/go.mod h1:GjmZh4l6Kcz7/Q1G25oyiZuD2VqOWfHwnudPDaeArAE=
github.com/mewkiz/pkg v0.0.0-20181108225906-b4dee0c4e703 h1:dD6FYOywpJ718MbrtwFwcdkrxbSzX9CRX4TIVmf44Gc=
github.com/mewkiz/pkg v0.0.0-20181108225906-b4dee0c4e703/go.mod h1:bhmdGJSMX5WCIBFmk27tBnUvBJm5WxXmarBV41qvbNI=
github.com/mewkiz/pkg v0.0.0-20181119122551-9729f4f4ff2b h1:XHFBx9ZEVHnSCRiTz7w1a/NRBk9x7iyFiqnoN6R+vu8=
github.com/mewkiz/pkg v0.0.0-20181119122551-9729f4f4ff2b/go.mod h1:bhmdGJSMX5WCIBFmk27tBnUvBJm5WxXmarBV41qvbNI=
github.com/mewmew/float v0.0.0-20181121163145-c0f786d7da73 h1:bTqCgPsW3TFb9MFtvaOmGFWVhCmN3EmRw02zkchdOHo=
github.com/mewmew/float v0.0.0-20181121163145-c0f786d7da73/go.mod h1:obQBs6O+vjhgOZLkGdALxItKw4xrI49lSBEnAMO6lWI=
github.com/mewmew/floats v0.0.0-20181110005823-891ed2b7ecb0 h1:gdC70byynYKy5XkR+8XoIMqudQhUc7iqe+aVi0GG17A=
github.com/mewmew/floats v0.0.0-20181110005823-891ed2b7ecb0/go.mod h1:w2cY+j509jzFA2pKozQ/ZBIdpO09JXQLWZ66iIpg7dE=
github.com/mewspring/tools v0.0.0-20181107085742-4dbfa080ff87 h1:F2Al+vk1BRMOIx0Sp7qIp4PfzgLlD8ItGsCx7O+b+nw=
github.com/mewspring/tools v0.0.0-20181107085742-4dbfa080ff87/go.mod h1:UAdVbSksr+7Bg+z4mga16OaBg3qAcgdaF3x3AeqJHEs=
github.com/pkg/errors v0.8.0 h1:WdK/asTD0HN+q6hsWO3/vpuAkAr+tw6aNJNDFFf0+qw=
github.com/pkg/errors v0.8.0/go.mod h1:bwawxfHBFNV+L2hUp1rHADufV3IMtnDRdf1r5NINEl0=
github.com/pmezard/go-difflib v1.0.0/go.mod h1:iKH77koFhYxTK1pcRnkKkqfTogsbg7gZNVY4sRDYZ/4=
github.com/sergi/go-diff v1.0.0/go.mod h1:0CfEIISq7TuYL3j771MWULgwwjU+GofnZX9QAmXWZgo=
github.com/stretchr/testify v1.2.2/go.mod h1:a8OnRcib4nhh0OaRAV+Yts87kKdq0PP7pXfy6kDkUVs=
golang.org/x/exp v0.0.0-20180321215751-8460e604b9de/go.mod h1:CJ0aWSM057203Lf6IL+f9T1iT9GByDxfZKAQTCR3kQA=
golang.org/x/exp v0.0.0-20181112044915-a3060d491354 h1:6UAgZ8309zQ9+1iWkHzfszFguqzOdHGyGkd1HmhJ+UE=
golang.org/x/exp v0.0.0-20181112044915-a3060d491354/go.mod h1:CJ0aWSM057203Lf6IL+f9T1iT9GByDxfZKAQTCR3kQA=
golang.org/x/tools v0.0.0-20180525024113-a5b4c53f6e8b/go.mod h1:n7NCudcB/nEzxVGmLbDWY5pfWTLqBcC2KZ6jyYvM4mQ=
golang.org/x/tools v0.0.0-20181111003725-6d71ab8aade0/go.mod h1:n7NCudcB/nEzxVGmLbDWY5pfWTLqBcC2KZ6jyYvM4mQ=
golang.org/x/tools v0.0.0-20181114145209-99072bc9d7ad/go.mod h1:n7NCudcB/nEzxVGmLbDWY5pfWTLqBcC2KZ6jyYvM4mQ=
golang.org/x/tools v0.0.0-20181122213734-04b5d21e00f1 h1:bsEj/LXbv3BCtkp/rBj9Wi/0Nde4OMaraIZpndHAhdI=
golang.org/x/tools v0.0.0-20181122213734-04b5d21e00f1/go.mod h1:n7NCudcB/nEzxVGmLbDWY5pfWTLqBcC2KZ6jyYvM4mQ=
gonum.org/v1/gonum v0.0.0-20181112092319-eb6a40d81aaf h1:K4WTYDNmuVbQMCze2I3keS8HzgSxSC23M64PCWN5hGc=
gonum.org/v1/gonum v0.0.0-20181112092319-eb6a40d81aaf/go.mod h1:Y+Yx5eoAFn32cQvJDxZx5Dpnq+c3wtXuadVZAcxbbBo=
gonum.org/v1/gonum v0.0.0-20181115051416-e2f95e5c31f6 h1:Sv4KG3MNOeKJKMiAP1fqkOfZQJoYhqGf+jgelT7jH2o=
gonum.org/v1/gonum v0.0.0-20181115051416-e2f95e5c31f6/go.mod h1:Y+Yx5eoAFn32cQvJDxZx5Dpnq+c3wtXuadVZAcxbbBo=
gonum.org/v1/netlib v0.0.0-20181029234149-ec6d1f5cefe6 h1:4WsZyVtkthqrHTbDCJfiTs8IWNYE4uvsSDgaV6xpp+o=
gonum.org/v1/netlib v0.0.0-20181029234149-ec6d1f5cefe6/go.mod h1:wa6Ws7BG/ESfp6dHfk7C6KdzKA7wR7u/rKwOGE66zvw=
